
Microsoft Visual Studio Solution File, Format Version 12.00
# Visual Studio Version 16
VisualStudioVersion = 16.0.31112.23
MinimumVisualStudioVersion = 10.0.40219.1
Project("{FAE04EC0-301F-11D3-BF4B-00C04F79EFBC}") = "FirstBlazorWA.App", "FirstBlazorWA.App\FirstBlazorWA.App.csproj", "{AD3CDF73-C543-43D8-882B-90726CAA5E9C}"
EndProject
Global
	GlobalSection(SolutionConfigurationPlatforms) = preSolution
		Debug|Any CPU = Debug|Any CPU
		Release|Any CPU = Release|Any CPU
	EndGlobalSection
	GlobalSection(ProjectConfigurationPlatforms) = postSolution
		{AD3CDF73-C543-43D8-882B-90726CAA5E9C}.Debug|Any CPU.ActiveCfg = Debug|Any CPU
		{AD3CDF73-C543-43D8-882B-90726CAA5E9C}.Debug|Any CPU.Build.0 = Debug|Any CPU
		{AD3CDF73-C543-43D8-882B-90726CAA5E9C}.Release|Any CPU.ActiveCfg = Release|Any CPU
		{AD3CDF73-C543-43D8-882B-90726CAA5E9C}.Release|Any CPU.Build.0 = Release|Any CPU
	EndGlobalSection
	GlobalSection(SolutionProperties) = preSolution
		HideSolutionNode = FALSE
	EndGlobalSection
	GlobalSection(ExtensibilityGlobals) = postSolution
		SolutionGuid = {DE5E825C-40E9-425B-AA84-4B713921EDA8}
	EndGlobalSection
EndGlobal
